// !$*UTF8*$!
{
	archiveVersion = 1;
	classes = {
	};
	objectVersion = 52;
	objects = {

/* Begin PBXBuildFile section */
		70024C9C26EA7FA000DC398A /* StoreKit.framework in Frameworks */ = {isa = PBXBuildFile; fileRef = 70024C9B26EA7FA000DC398A /* StoreKit.framework */; };
		70024C9F26EA823D00DC398A /* SwiftyStoreKit in Frameworks */ = {isa = PBXBuildFile; productRef = 70024C9E26EA823D00DC398A /* SwiftyStoreKit */; };
		70222EA326F3BD710040B853 /* ViewExtension.swift in Sources */ = {isa = PBXBuildFile; fileRef = 70222EA226F3BD710040B853 /* ViewExtension.swift */; };
		70222EA626F3BDE50040B853 /* TipJarView.swift in Sources */ = {isa = PBXBuildFile; fileRef = 70222EA526F3BDE50040B853 /* TipJarView.swift */; };
		70222EA826F3C2900040B853 /* ObservableProducts.swift in Sources */ = {isa = PBXBuildFile; fileRef = 70222EA726F3C2900040B853 /* ObservableProducts.swift */; };
		702E9A7026E3612E00451A51 /* SupportView.swift in Sources */ = {isa = PBXBuildFile; fileRef = 702E9A6F26E3612E00451A51 /* SupportView.swift */; };
		7069B41D23E631BC0045B0F3 /* ApplicationDelegate.swift in Sources */ = {isa = PBXBuildFile; fileRef = 7069B41C23E631BC0045B0F3 /* ApplicationDelegate.swift */; };
		7069B42123E631BE0045B0F3 /* Assets.xcassets in Resources */ = {isa = PBXBuildFile; fileRef = 7069B42023E631BE0045B0F3 /* Assets.xcassets */; };
		7069B43523E6DF9E0045B0F3 /* main.swift in Sources */ = {isa = PBXBuildFile; fileRef = 7069B43423E6DF9E0045B0F3 /* main.swift */; };
		7069B43723E6E02B0045B0F3 /* ApplicationPrincipal.swift in Sources */ = {isa = PBXBuildFile; fileRef = 7069B43623E6E02B0045B0F3 /* ApplicationPrincipal.swift */; };
		7069B43923E6E26F0045B0F3 /* SettingsView.swift in Sources */ = {isa = PBXBuildFile; fileRef = 7069B43823E6E26F0045B0F3 /* SettingsView.swift */; };
		7069B43B23E6E2790045B0F3 /* LinkingView.swift in Sources */ = {isa = PBXBuildFile; fileRef = 7069B43A23E6E2790045B0F3 /* LinkingView.swift */; };
		7069B43E23E6E39D0045B0F3 /* StatusBarFeature.swift in Sources */ = {isa = PBXBuildFile; fileRef = 7069B43D23E6E39D0045B0F3 /* StatusBarFeature.swift */; };
		707DE8A8294A661900ADB0F5 /* SwiftyBeaver in Frameworks */ = {isa = PBXBuildFile; productRef = 707DE8A7294A661900ADB0F5 /* SwiftyBeaver */; };
		7092B99726C85A9600B10065 /* CryptographyHelper.swift in Sources */ = {isa = PBXBuildFile; fileRef = 7092B99626C85A9600B10065 /* CryptographyHelper.swift */; };
		7092B99A26C85AED00B10065 /* RNCryptor in Frameworks */ = {isa = PBXBuildFile; productRef = 7092B99926C85AED00B10065 /* RNCryptor */; };
		7092B99D26C85B1600B10065 /* CryptographyError.swift in Sources */ = {isa = PBXBuildFile; fileRef = 7092B99C26C85B1600B10065 /* CryptographyError.swift */; };
		7096D95827025B2600CAACCC /* MainButtonStyle.swift in Sources */ = {isa = PBXBuildFile; fileRef = 7096D95727025B2600CAACCC /* MainButtonStyle.swift */; };
		70AF98B626E939C7001B076D /* WelcomeView.swift in Sources */ = {isa = PBXBuildFile; fileRef = 70AF98B526E939C7001B076D /* WelcomeView.swift */; };
		70AF98B926E94019001B076D /* ObservablePushToken.swift in Sources */ = {isa = PBXBuildFile; fileRef = 70AF98B826E94019001B076D /* ObservablePushToken.swift */; };
		70AF98BF26E94B60001B076D /* QuickResponseCodeBackground.swift in Sources */ = {isa = PBXBuildFile; fileRef = 70AF98BE26E94B60001B076D /* QuickResponseCodeBackground.swift */; };
		70BEFE7526CC0DB60062151A /* Valet in Frameworks */ = {isa = PBXBuildFile; productRef = 70BEFE7426CC0DB60062151A /* Valet */; };
		70BEFE7726CC0DCD0062151A /* StorageHelper.swift in Sources */ = {isa = PBXBuildFile; fileRef = 70BEFE7626CC0DCD0062151A /* StorageHelper.swift */; };
		70BEFE7A26CC24D80062151A /* AppHelper.swift in Sources */ = {isa = PBXBuildFile; fileRef = 70BEFE7926CC24D80062151A /* AppHelper.swift */; };
		70BF4827295221F300C18237 /* FileHelper.swift in Sources */ = {isa = PBXBuildFile; fileRef = 70BF4826295221F300C18237 /* FileHelper.swift */; };
		70C7F21A26713A6E00A109AC /* LaunchAtLogin in Frameworks */ = {isa = PBXBuildFile; productRef = 70C7F21926713A6E00A109AC /* LaunchAtLogin */; };
		70C7F21D26713A9800A109AC /* EFQRCode in Frameworks */ = {isa = PBXBuildFile; productRef = 70C7F21C26713A9800A109AC /* EFQRCode */; };
		70C7F22026713AAB00A109AC /* Preferences in Frameworks */ = {isa = PBXBuildFile; productRef = 70C7F21F26713AAB00A109AC /* Preferences */; };
		70C7F2222671412D00A109AC /* Development.xcassets in Resources */ = {isa = PBXBuildFile; fileRef = 70C7F2212671412D00A109AC /* Development.xcassets */; };
		70DD2A7023EC8E8E003DE95F /* DataExtension.swift in Sources */ = {isa = PBXBuildFile; fileRef = 70DD2A6F23EC8E8E003DE95F /* DataExtension.swift */; };
		70FF64FF23EDEE4A00B94593 /* NotificationHelper.swift in Sources */ = {isa = PBXBuildFile; fileRef = 70FF64FE23EDEE4A00B94593 /* NotificationHelper.swift */; };
		70FF650323EDF1A600B94593 /* ClipboardHelper.swift in Sources */ = {isa = PBXBuildFile; fileRef = 70FF650223EDF1A600B94593 /* ClipboardHelper.swift */; };
/* End PBXBuildFile section */

/* Begin PBXFileReference section */
		70024C9B26EA7FA000DC398A /* StoreKit.framework */ = {isa = PBXFileReference; lastKnownFileType = wrapper.framework; name = StoreKit.framework; path = System/Library/Frameworks/StoreKit.framework; sourceTree = SDKROOT; };
		70222EA226F3BD710040B853 /* ViewExtension.swift */ = {isa = PBXFileReference; lastKnownFileType = sourcecode.swift; path = ViewExtension.swift; sourceTree = "<group>"; };
		70222EA526F3BDE50040B853 /* TipJarView.swift */ = {isa = PBXFileReference; lastKnownFileType = sourcecode.swift; path = TipJarView.swift; sourceTree = "<group>"; };
		70222EA726F3C2900040B853 /* ObservableProducts.swift */ = {isa = PBXFileReference; lastKnownFileType = sourcecode.swift; path = ObservableProducts.swift; sourceTree = "<group>"; };
		702E9A6F26E3612E00451A51 /* SupportView.swift */ = {isa = PBXFileReference; lastKnownFileType = sourcecode.swift; path = SupportView.swift; sourceTree = "<group>"; };
		7069B41923E631BC0045B0F3 /* Raivo OTP.app */ = {isa = PBXFileReference; explicitFileType = wrapper.application; includeInIndex = 0; path = "Raivo OTP.app"; sourceTree = BUILT_PRODUCTS_DIR; };
		7069B41C23E631BC0045B0F3 /* ApplicationDelegate.swift */ = {isa = PBXFileReference; lastKnownFileType = sourcecode.swift; path = ApplicationDelegate.swift; sourceTree = "<group>"; };
		7069B42023E631BE0045B0F3 /* Assets.xcassets */ = {isa = PBXFileReference; lastKnownFileType = folder.assetcatalog; path = Assets.xcassets; sourceTree = "<group>"; };
		7069B42823E631BE0045B0F3 /* Info.plist */ = {isa = PBXFileReference; lastKnownFileType = text.plist.xml; path = Info.plist; sourceTree = "<group>"; };
		7069B42923E631BE0045B0F3 /* Raivo_MacOS.entitlements */ = {isa = PBXFileReference; lastKnownFileType = text.plist.entitlements; path = Raivo_MacOS.entitlements; sourceTree = "<group>"; };
		7069B43423E6DF9E0045B0F3 /* main.swift */ = {isa = PBXFileReference; lastKnownFileType = sourcecode.swift; path = main.swift; sourceTree = "<group>"; };
		7069B43623E6E02B0045B0F3 /* ApplicationPrincipal.swift */ = {isa = PBXFileReference; lastKnownFileType = sourcecode.swift; path = ApplicationPrincipal.swift; sourceTree = "<group>"; };
		7069B43823E6E26F0045B0F3 /* SettingsView.swift */ = {isa = PBXFileReference; lastKnownFileType = sourcecode.swift; path = SettingsView.swift; sourceTree = "<group>"; };
		7069B43A23E6E2790045B0F3 /* LinkingView.swift */ = {isa = PBXFileReference; lastKnownFileType = sourcecode.swift; path = LinkingView.swift; sourceTree = "<group>"; };
		7069B43D23E6E39D0045B0F3 /* StatusBarFeature.swift */ = {isa = PBXFileReference; lastKnownFileType = sourcecode.swift; path = StatusBarFeature.swift; sourceTree = "<group>"; };
		7092B99626C85A9600B10065 /* CryptographyHelper.swift */ = {isa = PBXFileReference; lastKnownFileType = sourcecode.swift; path = CryptographyHelper.swift; sourceTree = "<group>"; };
		7092B99C26C85B1600B10065 /* CryptographyError.swift */ = {isa = PBXFileReference; lastKnownFileType = sourcecode.swift; path = CryptographyError.swift; sourceTree = "<group>"; };
		7096D95727025B2600CAACCC /* MainButtonStyle.swift */ = {isa = PBXFileReference; lastKnownFileType = sourcecode.swift; path = MainButtonStyle.swift; sourceTree = "<group>"; };
		70AF98B526E939C7001B076D /* WelcomeView.swift */ = {isa = PBXFileReference; lastKnownFileType = sourcecode.swift; path = WelcomeView.swift; sourceTree = "<group>"; };
		70AF98B826E94019001B076D /* ObservablePushToken.swift */ = {isa = PBXFileReference; lastKnownFileType = sourcecode.swift; path = ObservablePushToken.swift; sourceTree = "<group>"; };
		70AF98BE26E94B60001B076D /* QuickResponseCodeBackground.swift */ = {isa = PBXFileReference; lastKnownFileType = sourcecode.swift; path = QuickResponseCodeBackground.swift; sourceTree = "<group>"; };
		70BEFE7626CC0DCD0062151A /* StorageHelper.swift */ = {isa = PBXFileReference; lastKnownFileType = sourcecode.swift; path = StorageHelper.swift; sourceTree = "<group>"; };
		70BEFE7926CC24D80062151A /* AppHelper.swift */ = {isa = PBXFileReference; lastKnownFileType = sourcecode.swift; path = AppHelper.swift; sourceTree = "<group>"; };
		70BF4826295221F300C18237 /* FileHelper.swift */ = {isa = PBXFileReference; lastKnownFileType = sourcecode.swift; path = FileHelper.swift; sourceTree = "<group>"; };
		70C7F2212671412D00A109AC /* Development.xcassets */ = {isa = PBXFileReference; lastKnownFileType = folder.assetcatalog; path = Development.xcassets; sourceTree = "<group>"; };
		70DD2A6F23EC8E8E003DE95F /* DataExtension.swift */ = {isa = PBXFileReference; lastKnownFileType = sourcecode.swift; path = DataExtension.swift; sourceTree = "<group>"; };
		70FF64FE23EDEE4A00B94593 /* NotificationHelper.swift */ = {isa = PBXFileReference; lastKnownFileType = sourcecode.swift; path = NotificationHelper.swift; sourceTree = "<group>"; };
		70FF650223EDF1A600B94593 /* ClipboardHelper.swift */ = {isa = PBXFileReference; lastKnownFileType = sourcecode.swift; path = ClipboardHelper.swift; sourceTree = "<group>"; };
/* End PBXFileReference section */

/* Begin PBXFrameworksBuildPhase section */
		7069B41623E631BC0045B0F3 /* Frameworks */ = {
			isa = PBXFrameworksBuildPhase;
			buildActionMask = 2147483647;
			files = (
				7092B99A26C85AED00B10065 /* RNCryptor in Frameworks */,
				70BEFE7526CC0DB60062151A /* Valet in Frameworks */,
				70024C9F26EA823D00DC398A /* SwiftyStoreKit in Frameworks */,
				70C7F21A26713A6E00A109AC /* LaunchAtLogin in Frameworks */,
				70024C9C26EA7FA000DC398A /* StoreKit.framework in Frameworks */,
				70C7F22026713AAB00A109AC /* Preferences in Frameworks */,
				70C7F21D26713A9800A109AC /* EFQRCode in Frameworks */,
				707DE8A8294A661900ADB0F5 /* SwiftyBeaver in Frameworks */,
			);
			runOnlyForDeploymentPostprocessing = 0;
		};
/* End PBXFrameworksBuildPhase section */

/* Begin PBXGroup section */
		70222EA426F3BD7A0040B853 /* Windows */ = {
			isa = PBXGroup;
			children = (
				70222EA526F3BDE50040B853 /* TipJarView.swift */,
			);
			path = Windows;
			sourceTree = "<group>";
		};
		7069B41023E631BC0045B0F3 = {
			isa = PBXGroup;
			children = (
				7069B41B23E631BC0045B0F3 /* Raivo MacOS */,
				7069B41A23E631BC0045B0F3 /* Products */,
				9AF60B5A059A525133FDC1EE /* Frameworks */,
			);
			sourceTree = "<group>";
		};
		7069B41A23E631BC0045B0F3 /* Products */ = {
			isa = PBXGroup;
			children = (
				7069B41923E631BC0045B0F3 /* Raivo OTP.app */,
			);
			name = Products;
			sourceTree = "<group>";
		};
		7069B41B23E631BC0045B0F3 /* Raivo MacOS */ = {
			isa = PBXGroup;
			children = (
				7069B42923E631BE0045B0F3 /* Raivo_MacOS.entitlements */,
				7092B99B26C85B0900B10065 /* Errors */,
				70DD2A6E23EC8E81003DE95F /* Extensions */,
				7069B43C23E6E3780045B0F3 /* Features */,
				70FF64FD23EDED6700B94593 /* Helpers */,
				70AF98B726E93FE0001B076D /* Observables */,
				7096D95627025B0E00CAACCC /* Styles */,
				7069B43223E6DF4C0045B0F3 /* Supporting */,
				7069B43123E6DF460045B0F3 /* Views */,
				7069B43623E6E02B0045B0F3 /* ApplicationPrincipal.swift */,
				7069B41C23E631BC0045B0F3 /* ApplicationDelegate.swift */,
				7069B43423E6DF9E0045B0F3 /* main.swift */,
			);
			path = "Raivo MacOS";
			sourceTree = "<group>";
		};
		7069B43123E6DF460045B0F3 /* Views */ = {
			isa = PBXGroup;
			children = (
				70222EA426F3BD7A0040B853 /* Windows */,
				70AF98BD26E94B4E001B076D /* Images */,
				70AF98BC26E94B41001B076D /* Tabs */,
			);
			path = Views;
			sourceTree = "<group>";
		};
		7069B43223E6DF4C0045B0F3 /* Supporting */ = {
			isa = PBXGroup;
			children = (
				7069B42823E631BE0045B0F3 /* Info.plist */,
				7069B42023E631BE0045B0F3 /* Assets.xcassets */,
				70C7F2212671412D00A109AC /* Development.xcassets */,
			);
			path = Supporting;
			sourceTree = "<group>";
		};
		7069B43C23E6E3780045B0F3 /* Features */ = {
			isa = PBXGroup;
			children = (
				7069B43D23E6E39D0045B0F3 /* StatusBarFeature.swift */,
			);
			path = Features;
			sourceTree = "<group>";
		};
		7092B99B26C85B0900B10065 /* Errors */ = {
			isa = PBXGroup;
			children = (
				7092B99C26C85B1600B10065 /* CryptographyError.swift */,
			);
			path = Errors;
			sourceTree = "<group>";
		};
		7096D95627025B0E00CAACCC /* Styles */ = {
			isa = PBXGroup;
			children = (
				7096D95927025B2A00CAACCC /* Button */,
			);
			path = Styles;
			sourceTree = "<group>";
		};
		7096D95927025B2A00CAACCC /* Button */ = {
			isa = PBXGroup;
			children = (
				7096D95727025B2600CAACCC /* MainButtonStyle.swift */,
			);
			path = Button;
			sourceTree = "<group>";
		};
		70AF98B726E93FE0001B076D /* Observables */ = {
			isa = PBXGroup;
			children = (
				70AF98B826E94019001B076D /* ObservablePushToken.swift */,
				70222EA726F3C2900040B853 /* ObservableProducts.swift */,
			);
			path = Observables;
			sourceTree = "<group>";
		};
		70AF98BC26E94B41001B076D /* Tabs */ = {
			isa = PBXGroup;
			children = (
				70AF98B526E939C7001B076D /* WelcomeView.swift */,
				7069B43823E6E26F0045B0F3 /* SettingsView.swift */,
				7069B43A23E6E2790045B0F3 /* LinkingView.swift */,
				702E9A6F26E3612E00451A51 /* SupportView.swift */,
			);
			path = Tabs;
			sourceTree = "<group>";
		};
		70AF98BD26E94B4E001B076D /* Images */ = {
			isa = PBXGroup;
			children = (
				70AF98BE26E94B60001B076D /* QuickResponseCodeBackground.swift */,
			);
			path = Images;
			sourceTree = "<group>";
		};
		70DD2A6E23EC8E81003DE95F /* Extensions */ = {
			isa = PBXGroup;
			children = (
				70DD2A6F23EC8E8E003DE95F /* DataExtension.swift */,
				70222EA226F3BD710040B853 /* ViewExtension.swift */,
			);
			path = Extensions;
			sourceTree = "<group>";
		};
		70FF64FD23EDED6700B94593 /* Helpers */ = {
			isa = PBXGroup;
			children = (
				70FF64FE23EDEE4A00B94593 /* NotificationHelper.swift */,
				70FF650223EDF1A600B94593 /* ClipboardHelper.swift */,
				7092B99626C85A9600B10065 /* CryptographyHelper.swift */,
				70BEFE7626CC0DCD0062151A /* StorageHelper.swift */,
				70BEFE7926CC24D80062151A /* AppHelper.swift */,
				70BF4826295221F300C18237 /* FileHelper.swift */,
			);
			path = Helpers;
			sourceTree = "<group>";
		};
		9AF60B5A059A525133FDC1EE /* Frameworks */ = {
			isa = PBXGroup;
			children = (
				70024C9B26EA7FA000DC398A /* StoreKit.framework */,
			);
			name = Frameworks;
			sourceTree = "<group>";
		};
/* End PBXGroup section */

/* Begin PBXNativeTarget section */
		7069B41823E631BC0045B0F3 /* Raivo MacOS */ = {
			isa = PBXNativeTarget;
			buildConfigurationList = 7069B42C23E631BE0045B0F3 /* Build configuration list for PBXNativeTarget "Raivo MacOS" */;
			buildPhases = (
				7069B41523E631BC0045B0F3 /* Sources */,
				7069B41623E631BC0045B0F3 /* Frameworks */,
				7069B41723E631BC0045B0F3 /* Resources */,
				70BEFE7826CC18CD0062151A /* Copy “Launch at Login Helper” */,
			);
			buildRules = (
			);
			dependencies = (
			);
			name = "Raivo MacOS";
			packageProductDependencies = (
				70C7F21926713A6E00A109AC /* LaunchAtLogin */,
				70C7F21C26713A9800A109AC /* EFQRCode */,
				70C7F21F26713AAB00A109AC /* Preferences */,
				7092B99926C85AED00B10065 /* RNCryptor */,
				70BEFE7426CC0DB60062151A /* Valet */,
				70024C9E26EA823D00DC398A /* SwiftyStoreKit */,
				707DE8A7294A661900ADB0F5 /* SwiftyBeaver */,
			);
			productName = "Raivo MacOS";
			productReference = 7069B41923E631BC0045B0F3 /* Raivo OTP.app */;
			productType = "com.apple.product-type.application";
		};
/* End PBXNativeTarget section */

/* Begin PBXProject section */
		7069B41123E631BC0045B0F3 /* Project object */ = {
			isa = PBXProject;
			attributes = {
				LastSwiftUpdateCheck = 1130;
				LastUpgradeCheck = 1250;
				ORGANIZATIONNAME = "Tijme Gommers";
				TargetAttributes = {
					7069B41823E631BC0045B0F3 = {
						CreatedOnToolsVersion = 11.3.1;
					};
				};
			};
			buildConfigurationList = 7069B41423E631BC0045B0F3 /* Build configuration list for PBXProject "Raivo MacOS" */;
			compatibilityVersion = "Xcode 9.3";
			developmentRegion = en;
			hasScannedForEncodings = 0;
			knownRegions = (
				en,
				Base,
			);
			mainGroup = 7069B41023E631BC0045B0F3;
			packageReferences = (
				70C7F21826713A6E00A109AC /* XCRemoteSwiftPackageReference "LaunchAtLogin" */,
				70C7F21B26713A9800A109AC /* XCRemoteSwiftPackageReference "EFQRCode" */,
				70C7F21E26713AAB00A109AC /* XCRemoteSwiftPackageReference "Preferences" */,
				7092B99826C85AED00B10065 /* XCRemoteSwiftPackageReference "RNCryptor" */,
				70BEFE7326CC0DB60062151A /* XCRemoteSwiftPackageReference "Valet" */,
				70024C9D26EA823D00DC398A /* XCRemoteSwiftPackageReference "SwiftyStoreKit" */,
				707DE8A6294A661900ADB0F5 /* XCRemoteSwiftPackageReference "SwiftyBeaver" */,
			);
			productRefGroup = 7069B41A23E631BC0045B0F3 /* Products */;
			projectDirPath = "";
			projectRoot = "";
			targets = (
				7069B41823E631BC0045B0F3 /* Raivo MacOS */,
			);
		};
/* End PBXProject section */

/* Begin PBXResourcesBuildPhase section */
		7069B41723E631BC0045B0F3 /* Resources */ = {
			isa = PBXResourcesBuildPhase;
			buildActionMask = 2147483647;
			files = (
				7069B42123E631BE0045B0F3 /* Assets.xcassets in Resources */,
				70C7F2222671412D00A109AC /* Development.xcassets in Resources */,
			);
			runOnlyForDeploymentPostprocessing = 0;
		};
/* End PBXResourcesBuildPhase section */

/* Begin PBXShellScriptBuildPhase section */
		70BEFE7826CC18CD0062151A /* Copy “Launch at Login Helper” */ = {
			isa = PBXShellScriptBuildPhase;
			buildActionMask = 2147483647;
			files = (
			);
			inputFileListPaths = (
			);
			inputPaths = (
			);
			name = "Copy “Launch at Login Helper”";
			outputFileListPaths = (
			);
			outputPaths = (
			);
			runOnlyForDeploymentPostprocessing = 0;
			shellPath = /bin/sh;
			shellScript = "\"${BUILT_PRODUCTS_DIR}/LaunchAtLogin_LaunchAtLogin.bundle/Contents/Resources/copy-helper-swiftpm.sh\"\n";
		};
/* End PBXShellScriptBuildPhase section */

/* Begin PBXSourcesBuildPhase section */
		7069B41523E631BC0045B0F3 /* Sources */ = {
			isa = PBXSourcesBuildPhase;
			buildActionMask = 2147483647;
			files = (
				70222EA326F3BD710040B853 /* ViewExtension.swift in Sources */,
				7069B41D23E631BC0045B0F3 /* ApplicationDelegate.swift in Sources */,
				7069B43923E6E26F0045B0F3 /* SettingsView.swift in Sources */,
				70FF64FF23EDEE4A00B94593 /* NotificationHelper.swift in Sources */,
				70222EA826F3C2900040B853 /* ObservableProducts.swift in Sources */,
				70AF98BF26E94B60001B076D /* QuickResponseCodeBackground.swift in Sources */,
				70222EA626F3BDE50040B853 /* TipJarView.swift in Sources */,
				702E9A7026E3612E00451A51 /* SupportView.swift in Sources */,
				7069B43E23E6E39D0045B0F3 /* StatusBarFeature.swift in Sources */,
				70FF650323EDF1A600B94593 /* ClipboardHelper.swift in Sources */,
				7069B43523E6DF9E0045B0F3 /* main.swift in Sources */,
				7092B99D26C85B1600B10065 /* CryptographyError.swift in Sources */,
				70DD2A7023EC8E8E003DE95F /* DataExtension.swift in Sources */,
				7069B43B23E6E2790045B0F3 /* LinkingView.swift in Sources */,
				70AF98B926E94019001B076D /* ObservablePushToken.swift in Sources */,
				70BF4827295221F300C18237 /* FileHelper.swift in Sources */,
				70AF98B626E939C7001B076D /* WelcomeView.swift in Sources */,
				7096D95827025B2600CAACCC /* MainButtonStyle.swift in Sources */,
				7069B43723E6E02B0045B0F3 /* ApplicationPrincipal.swift in Sources */,
				7092B99726C85A9600B10065 /* CryptographyHelper.swift in Sources */,
				70BEFE7726CC0DCD0062151A /* StorageHelper.swift in Sources */,
				70BEFE7A26CC24D80062151A /* AppHelper.swift in Sources */,
			);
			runOnlyForDeploymentPostprocessing = 0;
		};
/* End PBXSourcesBuildPhase section */

/* Begin XCBuildConfiguration section */
		7069B42A23E631BE0045B0F3 /* Debug */ = {
			isa = XCBuildConfiguration;
			buildSettings = {
				ALWAYS_SEARCH_USER_PATHS = NO;
				CLANG_ANALYZER_NONNULL = YES;
				CLANG_ANALYZER_NUMBER_OBJECT_CONVERSION = YES_AGGRESSIVE;
				CLANG_CXX_LANGUAGE_STANDARD = "gnu++14";
				CLANG_CXX_LIBRARY = "libc++";
				CLANG_ENABLE_MODULES = YES;
				CLANG_ENABLE_OBJC_ARC = YES;
				CLANG_ENABLE_OBJC_WEAK = YES;
				CLANG_WARN_BLOCK_CAPTURE_AUTORELEASING = YES;
				CLANG_WARN_BOOL_CONVERSION = YES;
				CLANG_WARN_COMMA = YES;
				CLANG_WARN_CONSTANT_CONVERSION = YES;
				CLANG_WARN_DEPRECATED_OBJC_IMPLEMENTATIONS = YES;
				CLANG_WARN_DIRECT_OBJC_ISA_USAGE = YES_ERROR;
				CLANG_WARN_DOCUMENTATION_COMMENTS = YES;
				CLANG_WARN_EMPTY_BODY = YES;
				CLANG_WARN_ENUM_CONVERSION = YES;
				CLANG_WARN_INFINITE_RECURSION = YES;
				CLANG_WARN_INT_CONVERSION = YES;
				CLANG_WARN_NON_LITERAL_NULL_CONVERSION = YES;
				CLANG_WARN_OBJC_IMPLICIT_RETAIN_SELF = YES;
				CLANG_WARN_OBJC_LITERAL_CONVERSION = YES;
				CLANG_WARN_OBJC_ROOT_CLASS = YES_ERROR;
				CLANG_WARN_QUOTED_INCLUDE_IN_FRAMEWORK_HEADER = YES;
				CLANG_WARN_RANGE_LOOP_ANALYSIS = YES;
				CLANG_WARN_STRICT_PROTOTYPES = YES;
				CLANG_WARN_SUSPICIOUS_MOVE = YES;
				CLANG_WARN_UNGUARDED_AVAILABILITY = YES_AGGRESSIVE;
				CLANG_WARN_UNREACHABLE_CODE = YES;
				CLANG_WARN__DUPLICATE_METHOD_MATCH = YES;
				COPY_PHASE_STRIP = NO;
				DEBUG_INFORMATION_FORMAT = dwarf;
				ENABLE_STRICT_OBJC_MSGSEND = YES;
				ENABLE_TESTABILITY = YES;
				GCC_C_LANGUAGE_STANDARD = gnu11;
				GCC_DYNAMIC_NO_PIC = NO;
				GCC_NO_COMMON_BLOCKS = YES;
				GCC_OPTIMIZATION_LEVEL = 0;
				GCC_PREPROCESSOR_DEFINITIONS = (
					"DEBUG=1",
					"$(inherited)",
				);
				GCC_WARN_64_TO_32_BIT_CONVERSION = YES;
				GCC_WARN_ABOUT_RETURN_TYPE = YES_ERROR;
				GCC_WARN_UNDECLARED_SELECTOR = YES;
				GCC_WARN_UNINITIALIZED_AUTOS = YES_AGGRESSIVE;
				GCC_WARN_UNUSED_FUNCTION = YES;
				GCC_WARN_UNUSED_VARIABLE = YES;
				MACOSX_DEPLOYMENT_TARGET = 11.0;
				MTL_ENABLE_DEBUG_INFO = INCLUDE_SOURCE;
				MTL_FAST_MATH = YES;
				ONLY_ACTIVE_ARCH = YES;
				SDKROOT = macosx;
				SWIFT_ACTIVE_COMPILATION_CONDITIONS = DEBUG;
				SWIFT_OPTIMIZATION_LEVEL = "-Onone";
			};
			name = Debug;
		};
		7069B42B23E631BE0045B0F3 /* Release */ = {
			isa = XCBuildConfiguration;
			buildSettings = {
				ALWAYS_SEARCH_USER_PATHS = NO;
				CLANG_ANALYZER_NONNULL = YES;
				CLANG_ANALYZER_NUMBER_OBJECT_CONVERSION = YES_AGGRESSIVE;
				CLANG_CXX_LANGUAGE_STANDARD = "gnu++14";
				CLANG_CXX_LIBRARY = "libc++";
				CLANG_ENABLE_MODULES = YES;
				CLANG_ENABLE_OBJC_ARC = YES;
				CLANG_ENABLE_OBJC_WEAK = YES;
				CLANG_WARN_BLOCK_CAPTURE_AUTORELEASING = YES;
				CLANG_WARN_BOOL_CONVERSION = YES;
				CLANG_WARN_COMMA = YES;
				CLANG_WARN_CONSTANT_CONVERSION = YES;
				CLANG_WARN_DEPRECATED_OBJC_IMPLEMENTATIONS = YES;
				CLANG_WARN_DIRECT_OBJC_ISA_USAGE = YES_ERROR;
				CLANG_WARN_DOCUMENTATION_COMMENTS = YES;
				CLANG_WARN_EMPTY_BODY = YES;
				CLANG_WARN_ENUM_CONVERSION = YES;
				CLANG_WARN_INFINITE_RECURSION = YES;
				CLANG_WARN_INT_CONVERSION = YES;
				CLANG_WARN_NON_LITERAL_NULL_CONVERSION = YES;
				CLANG_WARN_OBJC_IMPLICIT_RETAIN_SELF = YES;
				CLANG_WARN_OBJC_LITERAL_CONVERSION = YES;
				CLANG_WARN_OBJC_ROOT_CLASS = YES_ERROR;
				CLANG_WARN_QUOTED_INCLUDE_IN_FRAMEWORK_HEADER = YES;
				CLANG_WARN_RANGE_LOOP_ANALYSIS = YES;
				CLANG_WARN_STRICT_PROTOTYPES = YES;
				CLANG_WARN_SUSPICIOUS_MOVE = YES;
				CLANG_WARN_UNGUARDED_AVAILABILITY = YES_AGGRESSIVE;
				CLANG_WARN_UNREACHABLE_CODE = YES;
				CLANG_WARN__DUPLICATE_METHOD_MATCH = YES;
				COPY_PHASE_STRIP = NO;
				DEBUG_INFORMATION_FORMAT = "dwarf-with-dsym";
				ENABLE_NS_ASSERTIONS = NO;
				ENABLE_STRICT_OBJC_MSGSEND = YES;
				ENABLE_TESTABILITY = NO;
				GCC_C_LANGUAGE_STANDARD = gnu11;
				GCC_NO_COMMON_BLOCKS = YES;
				GCC_WARN_64_TO_32_BIT_CONVERSION = YES;
				GCC_WARN_ABOUT_RETURN_TYPE = YES_ERROR;
				GCC_WARN_UNDECLARED_SELECTOR = YES;
				GCC_WARN_UNINITIALIZED_AUTOS = YES_AGGRESSIVE;
				GCC_WARN_UNUSED_FUNCTION = YES;
				GCC_WARN_UNUSED_VARIABLE = YES;
				MACOSX_DEPLOYMENT_TARGET = 11.0;
				MTL_ENABLE_DEBUG_INFO = NO;
				MTL_FAST_MATH = YES;
				ONLY_ACTIVE_ARCH = NO;
				SDKROOT = macosx;
				SWIFT_COMPILATION_MODE = wholemodule;
				SWIFT_OPTIMIZATION_LEVEL = "-O";
			};
			name = Release;
		};
		7069B42D23E631BE0045B0F3 /* Debug */ = {
			isa = XCBuildConfiguration;
			buildSettings = {
				ASSETCATALOG_COMPILER_APPICON_NAME = AppIcon;
				CODE_SIGN_ALLOW_ENTITLEMENTS_MODIFICATION = Yes;
				CODE_SIGN_ENTITLEMENTS = "Raivo MacOS/Raivo_MacOS.entitlements";
				CODE_SIGN_IDENTITY = "Apple Development";
				CODE_SIGN_STYLE = Automatic;
				COMBINE_HIDPI_IMAGES = YES;
				CURRENT_PROJECT_VERSION = 18;
				DEVELOPMENT_ASSET_PATHS = "\"Raivo MacOS/Supporting/Development.xcassets\"";
				DEVELOPMENT_TEAM = 564B4ETY69;
				ENABLE_HARDENED_RUNTIME = YES;
				ENABLE_PREVIEWS = YES;
				FRAMEWORK_SEARCH_PATHS = "$(inherited)";
				INFOPLIST_FILE = "Raivo MacOS/Supporting/Info.plist";
				INFOPLIST_KEY_CFBundleDisplayName = Raivo;
				INFOPLIST_KEY_LSApplicationCategoryType = "public.app-category.productivity";
				LD_RUNPATH_SEARCH_PATHS = (
					"$(inherited)",
					"@executable_path/../Frameworks",
				);
				MACOSX_DEPLOYMENT_TARGET = 11.0;
				MARKETING_VERSION = 1.1.0;
				PRODUCT_BUNDLE_IDENTIFIER = "com.raivo-otp.macos";
				PRODUCT_NAME = "Raivo OTP";
				SKIP_INSTALL = NO;
				SWIFT_VERSION = 5.0;
			};
			name = Debug;
		};
		7069B42E23E631BE0045B0F3 /* Release */ = {
			isa = XCBuildConfiguration;
			buildSettings = {
				ASSETCATALOG_COMPILER_APPICON_NAME = AppIcon;
				CODE_SIGN_ALLOW_ENTITLEMENTS_MODIFICATION = Yes;
				CODE_SIGN_ENTITLEMENTS = "Raivo MacOS/Raivo_MacOS.entitlements";
				CODE_SIGN_IDENTITY = "Apple Development";
				CODE_SIGN_STYLE = Automatic;
				COMBINE_HIDPI_IMAGES = YES;
				CURRENT_PROJECT_VERSION = 18;
				DEVELOPMENT_ASSET_PATHS = "\"Raivo MacOS/Supporting/Development.xcassets\"";
				DEVELOPMENT_TEAM = 564B4ETY69;
				ENABLE_HARDENED_RUNTIME = YES;
				ENABLE_PREVIEWS = YES;
				FRAMEWORK_SEARCH_PATHS = "$(inherited)";
				INFOPLIST_FILE = "Raivo MacOS/Supporting/Info.plist";
				INFOPLIST_KEY_CFBundleDisplayName = Raivo;
				INFOPLIST_KEY_LSApplicationCategoryType = "public.app-category.productivity";
				LD_RUNPATH_SEARCH_PATHS = (
					"$(inherited)",
					"@executable_path/../Frameworks",
				);
				MACOSX_DEPLOYMENT_TARGET = 11.0;
				MARKETING_VERSION = 1.1.0;
				PRODUCT_BUNDLE_IDENTIFIER = "com.raivo-otp.macos";
				PRODUCT_NAME = "Raivo OTP";
				SKIP_INSTALL = NO;
				SWIFT_VERSION = 5.0;
			};
			name = Release;
		};
/* End XCBuildConfiguration section */

/* Begin XCConfigurationList section */
		7069B41423E631BC0045B0F3 /* Build configuration list for PBXProject "Raivo MacOS" */ = {
			isa = XCConfigurationList;
			buildConfigurations = (
				7069B42A23E631BE0045B0F3 /* Debug */,
				7069B42B23E631BE0045B0F3 /* Release */,
			);
			defaultConfigurationIsVisible = 0;
			defaultConfigurationName = Release;
		};
		7069B42C23E631BE0045B0F3 /* Build configuration list for PBXNativeTarget "Raivo MacOS" */ = {
			isa = XCConfigurationList;
			buildConfigurations = (
				7069B42D23E631BE0045B0F3 /* Debug */,
				7069B42E23E631BE0045B0F3 /* Release */,
			);
			defaultConfigurationIsVisible = 0;
			defaultConfigurationName = Release;
		};
/* End XCConfigurationList section */

/* Begin XCRemoteSwiftPackageReference section */
		70024C9D26EA823D00DC398A /* XCRemoteSwiftPackageReference "SwiftyStoreKit" */ = {
			isa = XCRemoteSwiftPackageReference;
			repositoryURL = "https://github.com/bizz84/SwiftyStoreKit.git";
			requirement = {
				kind = upToNextMajorVersion;
				minimumVersion = 0.16.4;
			};
		};
		707DE8A6294A661900ADB0F5 /* XCRemoteSwiftPackageReference "SwiftyBeaver" */ = {
			isa = XCRemoteSwiftPackageReference;
			repositoryURL = "https://github.com/SwiftyBeaver/SwiftyBeaver.git";
			requirement = {
				kind = upToNextMajorVersion;
				minimumVersion = 1.9.6;
			};
		};
		7092B99826C85AED00B10065 /* XCRemoteSwiftPackageReference "RNCryptor" */ = {
			isa = XCRemoteSwiftPackageReference;
			repositoryURL = "https://github.com/RNCryptor/RNCryptor";
			requirement = {
				kind = upToNextMajorVersion;
				minimumVersion = 5.1.0;
			};
		};
		70BEFE7326CC0DB60062151A /* XCRemoteSwiftPackageReference "Valet" */ = {
			isa = XCRemoteSwiftPackageReference;
			repositoryURL = "https://github.com/Square/Valet";
			requirement = {
				kind = upToNextMajorVersion;
				minimumVersion = 4.1.3;
			};
		};
		70C7F21826713A6E00A109AC /* XCRemoteSwiftPackageReference "LaunchAtLogin" */ = {
			isa = XCRemoteSwiftPackageReference;
			repositoryURL = "https://github.com/sindresorhus/LaunchAtLogin";
			requirement = {
				kind = upToNextMajorVersion;
				minimumVersion = 5.0.0;
			};
		};
		70C7F21B26713A9800A109AC /* XCRemoteSwiftPackageReference "EFQRCode" */ = {
			isa = XCRemoteSwiftPackageReference;
			repositoryURL = "https://github.com/EFPrefix/EFQRCode";
			requirement = {
				kind = upToNextMajorVersion;
				minimumVersion = 6.2.0;
			};
		};
		70C7F21E26713AAB00A109AC /* XCRemoteSwiftPackageReference "Preferences" */ = {
			isa = XCRemoteSwiftPackageReference;
			repositoryURL = "https://github.com/sindresorhus/Preferences";
			requirement = {
				kind = upToNextMajorVersion;
				minimumVersion = 2.6.0;
			};
		};
/* End XCRemoteSwiftPackageReference section */

/* Begin XCSwiftPackageProductDependency section */
		70024C9E26EA823D00DC398A /* SwiftyStoreKit */ = {
			isa = XCSwiftPackageProductDependency;
			package = 70024C9D26EA823D00DC398A /* XCRemoteSwiftPackageReference "SwiftyStoreKit" */;
			productName = SwiftyStoreKit;
		};
		707DE8A7294A661900ADB0F5 /* SwiftyBeaver */ = {
			isa = XCSwiftPackageProductDependency;
			package = 707DE8A6294A661900ADB0F5 /* XCRemoteSwiftPackageReference "SwiftyBeaver" */;
			productName = SwiftyBeaver;
		};
		7092B99926C85AED00B10065 /* RNCryptor */ = {
			isa = XCSwiftPackageProductDependency;
			package = 7092B99826C85AED00B10065 /* XCRemoteSwiftPackageReference "RNCryptor" */;
			productName = RNCryptor;
		};
		70BEFE7426CC0DB60062151A /* Valet */ = {
			isa = XCSwiftPackageProductDependency;
			package = 70BEFE7326CC0DB60062151A /* XCRemoteSwiftPackageReference "Valet" */;
			productName = Valet;
		};
		70C7F21926713A6E00A109AC /* LaunchAtLogin */ = {
			isa = XCSwiftPackageProductDependency;
			package = 70C7F21826713A6E00A109AC /* XCRemoteSwiftPackageReference "LaunchAtLogin" */;
			productName = LaunchAtLogin;
		};
		70C7F21C26713A9800A109AC /* EFQRCode */ = {
			isa = XCSwiftPackageProductDependency;
			package = 70C7F21B26713A9800A109AC /* XCRemoteSwiftPackageReference "EFQRCode" */;
			productName = EFQRCode;
		};
		70C7F21F26713AAB00A109AC /* Preferences */ = {
			isa = XCSwiftPackageProductDependency;
			package = 70C7F21E26713AAB00A109AC /* XCRemoteSwiftPackageReference "Preferences" */;
			productName = Preferences;
		};
/* End XCSwiftPackageProductDependency section */
	};
	rootObject = 7069B41123E631BC0045B0F3 /* Project object */;
}
